
Microsoft Visual Studio Solution File, Format Version 12.00
# Visual Studio Version 17
VisualStudioVersion = 17.5.33424.131
MinimumVisualStudioVersion = 10.0.40219.1
Project("{FAE04EC0-301F-11D3-BF4B-00C04F79EFBC}") = "ProjektNr2_Karpowicz61959", "ProjektNr2_Karpowicz61959\ProjektNr2_Karpowicz61959.csproj", "{8F2FBE32-B9DD-4DD7-94DC-55129499E4FD}"
EndProject
Global
	GlobalSection(SolutionConfigurationPlatforms) = preSolution
		Debug|Any CPU = Debug|Any CPU
		Release|Any CPU = Release|Any CPU
	EndGlobalSection
	GlobalSection(ProjectConfigurationPlatforms) = postSolution
		{8F2FBE32-B9DD-4DD7-94DC-55129499E4FD}.Debug|Any CPU.ActiveCfg = Debug|Any CPU
		{8F2FBE32-B9DD-4DD7-94DC-55129499E4FD}.Debug|Any CPU.Build.0 = Debug|Any CPU
		{8F2FBE32-B9DD-4DD7-94DC-55129499E4FD}.Release|Any CPU.ActiveCfg = Release|Any CPU
		{8F2FBE32-B9DD-4DD7-94DC-55129499E4FD}.Release|Any CPU.Build.0 = Release|Any CPU
	EndGlobalSection
	GlobalSection(SolutionProperties) = preSolution
		HideSolutionNode = FALSE
	EndGlobalSection
	GlobalSection(ExtensibilityGlobals) = postSolution
		SolutionGuid = {1D83748A-93A6-4C12-BDA7-11D65417C704}
	EndGlobalSection
EndGlobal
